// !$*UTF8*$!
{
	archiveVersion = 1;
	classes = {
	};
	objectVersion = 50;
	objects = {

/* Begin PBXBuildFile section */
		FCEDD9662407CCA600B181FE /* AppDelegate.swift in Sources */ = {isa = PBXBuildFile; fileRef = FCEDD9652407CCA600B181FE /* AppDelegate.swift */; };
		FCEDD9682407CCA600B181FE /* ScrollableStackViewTestViewController.swift in Sources */ = {isa = PBXBuildFile; fileRef = FCEDD9672407CCA600B181FE /* ScrollableStackViewTestViewController.swift */; };
		FCEDD96D2407CCA700B181FE /* Assets.xcassets in Resources */ = {isa = PBXBuildFile; fileRef = FCEDD96C2407CCA700B181FE /* Assets.xcassets */; };
		FCEDD9702407CCA700B181FE /* LaunchScreen.storyboard in Resources */ = {isa = PBXBuildFile; fileRef = FCEDD96E2407CCA700B181FE /* LaunchScreen.storyboard */; };
		FCEDD97B2407CCA700B181FE /* HornetAssessmentTests.swift in Sources */ = {isa = PBXBuildFile; fileRef = FCEDD97A2407CCA700B181FE /* HornetAssessmentTests.swift */; };
		FCEDD9862407CDF800B181FE /* README.md in Resources */ = {isa = PBXBuildFile; fileRef = FCEDD9852407CDF800B181FE /* README.md */; };
		FCEDD9952407CE6600B181FE /* ComponentKit.framework in Frameworks */ = {isa = PBXBuildFile; fileRef = FCEDD98C2407CE6600B181FE /* ComponentKit.framework */; };
		FCEDD99C2407CE6600B181FE /* ComponentKitTests.swift in Sources */ = {isa = PBXBuildFile; fileRef = FCEDD99B2407CE6600B181FE /* ComponentKitTests.swift */; };
		FCEDD99E2407CE6600B181FE /* ComponentKit.h in Headers */ = {isa = PBXBuildFile; fileRef = FCEDD98E2407CE6600B181FE /* ComponentKit.h */; settings = {ATTRIBUTES = (Public, ); }; };
		FCEDD9A12407CE6600B181FE /* ComponentKit.framework in Frameworks */ = {isa = PBXBuildFile; fileRef = FCEDD98C2407CE6600B181FE /* ComponentKit.framework */; };
		FCEDD9A22407CE6600B181FE /* ComponentKit.framework in Embed Frameworks */ = {isa = PBXBuildFile; fileRef = FCEDD98C2407CE6600B181FE /* ComponentKit.framework */; settings = {ATTRIBUTES = (CodeSignOnCopy, RemoveHeadersOnCopy, ); }; };
		FCEDD9AB2407CE7500B181FE /* ScrollableStackView.swift in Sources */ = {isa = PBXBuildFile; fileRef = FCEDD9AA2407CE7500B181FE /* ScrollableStackView.swift */; };
		FCEDD9AF2407D38B00B181FE /* ScrollableStackViewController.swift in Sources */ = {isa = PBXBuildFile; fileRef = FCEDD9AE2407D38B00B181FE /* ScrollableStackViewController.swift */; };
		FCEDD9B12407D46600B181FE /* TestScrollableStackViewController.swift in Sources */ = {isa = PBXBuildFile; fileRef = FCEDD9B02407D46600B181FE /* TestScrollableStackViewController.swift */; };
		FCEDD9B32407D69A00B181FE /* BrowserViewController.swift in Sources */ = {isa = PBXBuildFile; fileRef = FCEDD9B22407D69A00B181FE /* BrowserViewController.swift */; };
		FCEDD9B52407DFEA00B181FE /* TestBrowserViewController.swift in Sources */ = {isa = PBXBuildFile; fileRef = FCEDD9B42407DFEA00B181FE /* TestBrowserViewController.swift */; };
/* End PBXBuildFile section */

/* Begin PBXContainerItemProxy section */
		FCEDD9772407CCA700B181FE /* PBXContainerItemProxy */ = {
			isa = PBXContainerItemProxy;
			containerPortal = FCEDD95A2407CCA600B181FE /* Project object */;
			proxyType = 1;
			remoteGlobalIDString = FCEDD9612407CCA600B181FE;
			remoteInfo = HornetAssessment;
		};
		FCEDD9962407CE6600B181FE /* PBXContainerItemProxy */ = {
			isa = PBXContainerItemProxy;
			containerPortal = FCEDD95A2407CCA600B181FE /* Project object */;
			proxyType = 1;
			remoteGlobalIDString = FCEDD98B2407CE6600B181FE;
			remoteInfo = ComponentKit;
		};
		FCEDD9982407CE6600B181FE /* PBXContainerItemProxy */ = {
			isa = PBXContainerItemProxy;
			containerPortal = FCEDD95A2407CCA600B181FE /* Project object */;
			proxyType = 1;
			remoteGlobalIDString = FCEDD9612407CCA600B181FE;
			remoteInfo = HornetAssessment;
		};
		FCEDD99F2407CE6600B181FE /* PBXContainerItemProxy */ = {
			isa = PBXContainerItemProxy;
			containerPortal = FCEDD95A2407CCA600B181FE /* Project object */;
			proxyType = 1;
			remoteGlobalIDString = FCEDD98B2407CE6600B181FE;
			remoteInfo = ComponentKit;
		};
/* End PBXContainerItemProxy section */

/* Begin PBXCopyFilesBuildPhase section */
		FCEDD9A62407CE6600B181FE /* Embed Frameworks */ = {
			isa = PBXCopyFilesBuildPhase;
			buildActionMask = 2147483647;
			dstPath = "";
			dstSubfolderSpec = 10;
			files = (
				FCEDD9A22407CE6600B181FE /* ComponentKit.framework in Embed Frameworks */,
			);
			name = "Embed Frameworks";
			runOnlyForDeploymentPostprocessing = 0;
		};
/* End PBXCopyFilesBuildPhase section */

/* Begin PBXFileReference section */
		FCEDD9622407CCA600B181FE /* HornetAssessment.app */ = {isa = PBXFileReference; explicitFileType = wrapper.application; includeInIndex = 0; path = HornetAssessment.app; sourceTree = BUILT_PRODUCTS_DIR; };
		FCEDD9652407CCA600B181FE /* AppDelegate.swift */ = {isa = PBXFileReference; lastKnownFileType = sourcecode.swift; path = AppDelegate.swift; sourceTree = "<group>"; };
		FCEDD9672407CCA600B181FE /* ScrollableStackViewTestViewController.swift */ = {isa = PBXFileReference; lastKnownFileType = sourcecode.swift; path = ScrollableStackViewTestViewController.swift; sourceTree = "<group>"; };
		FCEDD96C2407CCA700B181FE /* Assets.xcassets */ = {isa = PBXFileReference; lastKnownFileType = folder.assetcatalog; path = Assets.xcassets; sourceTree = "<group>"; };
		FCEDD96F2407CCA700B181FE /* Base */ = {isa = PBXFileReference; lastKnownFileType = file.storyboard; name = Base; path = Base.lproj/LaunchScreen.storyboard; sourceTree = "<group>"; };
		FCEDD9712407CCA700B181FE /* Info.plist */ = {isa = PBXFileReference; lastKnownFileType = text.plist.xml; path = Info.plist; sourceTree = "<group>"; };
		FCEDD9762407CCA700B181FE /* HornetAssessmentTests.xctest */ = {isa = PBXFileReference; explicitFileType = wrapper.cfbundle; includeInIndex = 0; path = HornetAssessmentTests.xctest; sourceTree = BUILT_PRODUCTS_DIR; };
		FCEDD97A2407CCA700B181FE /* HornetAssessmentTests.swift */ = {isa = PBXFileReference; lastKnownFileType = sourcecode.swift; path = HornetAssessmentTests.swift; sourceTree = "<group>"; };
		FCEDD97C2407CCA700B181FE /* Info.plist */ = {isa = PBXFileReference; lastKnownFileType = text.plist.xml; path = Info.plist; sourceTree = "<group>"; };
		FCEDD9852407CDF800B181FE /* README.md */ = {isa = PBXFileReference; fileEncoding = 4; lastKnownFileType = net.daringfireball.markdown; path = README.md; sourceTree = "<group>"; };
		FCEDD98C2407CE6600B181FE /* ComponentKit.framework */ = {isa = PBXFileReference; explicitFileType = wrapper.framework; includeInIndex = 0; path = ComponentKit.framework; sourceTree = BUILT_PRODUCTS_DIR; };
		FCEDD98E2407CE6600B181FE /* ComponentKit.h */ = {isa = PBXFileReference; lastKnownFileType = sourcecode.c.h; path = ComponentKit.h; sourceTree = "<group>"; };
		FCEDD98F2407CE6600B181FE /* Info.plist */ = {isa = PBXFileReference; lastKnownFileType = text.plist.xml; path = Info.plist; sourceTree = "<group>"; };
		FCEDD9942407CE6600B181FE /* ComponentKitTests.xctest */ = {isa = PBXFileReference; explicitFileType = wrapper.cfbundle; includeInIndex = 0; path = ComponentKitTests.xctest; sourceTree = BUILT_PRODUCTS_DIR; };
		FCEDD99B2407CE6600B181FE /* ComponentKitTests.swift */ = {isa = PBXFileReference; lastKnownFileType = sourcecode.swift; path = ComponentKitTests.swift; sourceTree = "<group>"; };
		FCEDD99D2407CE6600B181FE /* Info.plist */ = {isa = PBXFileReference; lastKnownFileType = text.plist.xml; path = Info.plist; sourceTree = "<group>"; };
		FCEDD9AA2407CE7500B181FE /* ScrollableStackView.swift */ = {isa = PBXFileReference; lastKnownFileType = sourcecode.swift; path = ScrollableStackView.swift; sourceTree = "<group>"; };
		FCEDD9AE2407D38B00B181FE /* ScrollableStackViewController.swift */ = {isa = PBXFileReference; lastKnownFileType = sourcecode.swift; path = ScrollableStackViewController.swift; sourceTree = "<group>"; };
		FCEDD9B02407D46600B181FE /* TestScrollableStackViewController.swift */ = {isa = PBXFileReference; lastKnownFileType = sourcecode.swift; path = TestScrollableStackViewController.swift; sourceTree = "<group>"; };
		FCEDD9B22407D69A00B181FE /* BrowserViewController.swift */ = {isa = PBXFileReference; lastKnownFileType = sourcecode.swift; path = BrowserViewController.swift; sourceTree = "<group>"; };
		FCEDD9B42407DFEA00B181FE /* TestBrowserViewController.swift */ = {isa = PBXFileReference; lastKnownFileType = sourcecode.swift; path = TestBrowserViewController.swift; sourceTree = "<group>"; };
/* End PBXFileReference section */

/* Begin PBXFrameworksBuildPhase section */
		FCEDD95F2407CCA600B181FE /* Frameworks */ = {
			isa = PBXFrameworksBuildPhase;
			buildActionMask = 2147483647;
			files = (
				FCEDD9A12407CE6600B181FE /* ComponentKit.framework in Frameworks */,
			);
			runOnlyForDeploymentPostprocessing = 0;
		};
		FCEDD9732407CCA700B181FE /* Frameworks */ = {
			isa = PBXFrameworksBuildPhase;
			buildActionMask = 2147483647;
			files = (
			);
			runOnlyForDeploymentPostprocessing = 0;
		};
		FCEDD9892407CE6600B181FE /* Frameworks */ = {
			isa = PBXFrameworksBuildPhase;
			buildActionMask = 2147483647;
			files = (
			);
			runOnlyForDeploymentPostprocessing = 0;
		};
		FCEDD9912407CE6600B181FE /* Frameworks */ = {
			isa = PBXFrameworksBuildPhase;
			buildActionMask = 2147483647;
			files = (
				FCEDD9952407CE6600B181FE /* ComponentKit.framework in Frameworks */,
			);
			runOnlyForDeploymentPostprocessing = 0;
		};
/* End PBXFrameworksBuildPhase section */

/* Begin PBXGroup section */
		FCEDD9592407CCA600B181FE = {
			isa = PBXGroup;
			children = (
				FCEDD9642407CCA600B181FE /* HornetAssessment */,
				FCEDD9792407CCA700B181FE /* HornetAssessmentTests */,
				FCEDD98D2407CE6600B181FE /* ComponentKit */,
				FCEDD99A2407CE6600B181FE /* ComponentKitTests */,
				FCEDD9632407CCA600B181FE /* Products */,
			);
			sourceTree = "<group>";
		};
		FCEDD9632407CCA600B181FE /* Products */ = {
			isa = PBXGroup;
			children = (
				FCEDD9622407CCA600B181FE /* HornetAssessment.app */,
				FCEDD9762407CCA700B181FE /* HornetAssessmentTests.xctest */,
				FCEDD98C2407CE6600B181FE /* ComponentKit.framework */,
				FCEDD9942407CE6600B181FE /* ComponentKitTests.xctest */,
			);
			name = Products;
			sourceTree = "<group>";
		};
		FCEDD9642407CCA600B181FE /* HornetAssessment */ = {
			isa = PBXGroup;
			children = (
				FCEDD9852407CDF800B181FE /* README.md */,
				FCEDD9652407CCA600B181FE /* AppDelegate.swift */,
				FCEDD9672407CCA600B181FE /* ScrollableStackViewTestViewController.swift */,
				FCEDD9B02407D46600B181FE /* TestScrollableStackViewController.swift */,
				FCEDD9B42407DFEA00B181FE /* TestBrowserViewController.swift */,
				FCEDD96C2407CCA700B181FE /* Assets.xcassets */,
				FCEDD96E2407CCA700B181FE /* LaunchScreen.storyboard */,
				FCEDD9712407CCA700B181FE /* Info.plist */,
			);
			path = HornetAssessment;
			sourceTree = "<group>";
		};
		FCEDD9792407CCA700B181FE /* HornetAssessmentTests */ = {
			isa = PBXGroup;
			children = (
				FCEDD97A2407CCA700B181FE /* HornetAssessmentTests.swift */,
				FCEDD97C2407CCA700B181FE /* Info.plist */,
			);
			path = HornetAssessmentTests;
			sourceTree = "<group>";
		};
		FCEDD98D2407CE6600B181FE /* ComponentKit */ = {
			isa = PBXGroup;
			children = (
				FCEDD98E2407CE6600B181FE /* ComponentKit.h */,
				FCEDD98F2407CE6600B181FE /* Info.plist */,
				FCEDD9AA2407CE7500B181FE /* ScrollableStackView.swift */,
				FCEDD9AE2407D38B00B181FE /* ScrollableStackViewController.swift */,
				FCEDD9B22407D69A00B181FE /* BrowserViewController.swift */,
			);
			path = ComponentKit;
			sourceTree = "<group>";
		};
		FCEDD99A2407CE6600B181FE /* ComponentKitTests */ = {
			isa = PBXGroup;
			children = (
				FCEDD99B2407CE6600B181FE /* ComponentKitTests.swift */,
				FCEDD99D2407CE6600B181FE /* Info.plist */,
			);
			path = ComponentKitTests;
			sourceTree = "<group>";
		};
/* End PBXGroup section */

/* Begin PBXHeadersBuildPhase section */
		FCEDD9872407CE6600B181FE /* Headers */ = {
			isa = PBXHeadersBuildPhase;
			buildActionMask = 2147483647;
			files = (
				FCEDD99E2407CE6600B181FE /* ComponentKit.h in Headers */,
			);
			runOnlyForDeploymentPostprocessing = 0;
		};
/* End PBXHeadersBuildPhase section */

/* Begin PBXNativeTarget section */
		FCEDD9612407CCA600B181FE /* HornetAssessment */ = {
			isa = PBXNativeTarget;
			buildConfigurationList = FCEDD97F2407CCA700B181FE /* Build configuration list for PBXNativeTarget "HornetAssessment" */;
			buildPhases = (
				FCEDD95E2407CCA600B181FE /* Sources */,
				FCEDD95F2407CCA600B181FE /* Frameworks */,
				FCEDD9602407CCA600B181FE /* Resources */,
				FCEDD9A62407CE6600B181FE /* Embed Frameworks */,
			);
			buildRules = (
			);
			dependencies = (
				FCEDD9A02407CE6600B181FE /* PBXTargetDependency */,
			);
			name = HornetAssessment;
			productName = HornetAssessment;
			productReference = FCEDD9622407CCA600B181FE /* HornetAssessment.app */;
			productType = "com.apple.product-type.application";
		};
		FCEDD9752407CCA700B181FE /* HornetAssessmentTests */ = {
			isa = PBXNativeTarget;
			buildConfigurationList = FCEDD9822407CCA700B181FE /* Build configuration list for PBXNativeTarget "HornetAssessmentTests" */;
			buildPhases = (
				FCEDD9722407CCA700B181FE /* Sources */,
				FCEDD9732407CCA700B181FE /* Frameworks */,
				FCEDD9742407CCA700B181FE /* Resources */,
			);
			buildRules = (
			);
			dependencies = (
				FCEDD9782407CCA700B181FE /* PBXTargetDependency */,
			);
			name = HornetAssessmentTests;
			productName = HornetAssessmentTests;
			productReference = FCEDD9762407CCA700B181FE /* HornetAssessmentTests.xctest */;
			productType = "com.apple.product-type.bundle.unit-test";
		};
		FCEDD98B2407CE6600B181FE /* ComponentKit */ = {
			isa = PBXNativeTarget;
			buildConfigurationList = FCEDD9A32407CE6600B181FE /* Build configuration list for PBXNativeTarget "ComponentKit" */;
			buildPhases = (
				FCEDD9872407CE6600B181FE /* Headers */,
				FCEDD9882407CE6600B181FE /* Sources */,
				FCEDD9892407CE6600B181FE /* Frameworks */,
				FCEDD98A2407CE6600B181FE /* Resources */,
			);
			buildRules = (
			);
			dependencies = (
			);
			name = ComponentKit;
			productName = ComponentKit;
			productReference = FCEDD98C2407CE6600B181FE /* ComponentKit.framework */;
			productType = "com.apple.product-type.framework";
		};
		FCEDD9932407CE6600B181FE /* ComponentKitTests */ = {
			isa = PBXNativeTarget;
			buildConfigurationList = FCEDD9A72407CE6600B181FE /* Build configuration list for PBXNativeTarget "ComponentKitTests" */;
			buildPhases = (
				FCEDD9902407CE6600B181FE /* Sources */,
				FCEDD9912407CE6600B181FE /* Frameworks */,
				FCEDD9922407CE6600B181FE /* Resources */,
			);
			buildRules = (
			);
			dependencies = (
				FCEDD9972407CE6600B181FE /* PBXTargetDependency */,
				FCEDD9992407CE6600B181FE /* PBXTargetDependency */,
			);
			name = ComponentKitTests;
			productName = ComponentKitTests;
			productReference = FCEDD9942407CE6600B181FE /* ComponentKitTests.xctest */;
			productType = "com.apple.product-type.bundle.unit-test";
		};
/* End PBXNativeTarget section */

/* Begin PBXProject section */
		FCEDD95A2407CCA600B181FE /* Project object */ = {
			isa = PBXProject;
			attributes = {
				LastSwiftUpdateCheck = 1030;
				LastUpgradeCheck = 1030;
				ORGANIZATIONNAME = hornet;
				TargetAttributes = {
					FCEDD9612407CCA600B181FE = {
						CreatedOnToolsVersion = 10.3;
					};
					FCEDD9752407CCA700B181FE = {
						CreatedOnToolsVersion = 10.3;
						TestTargetID = FCEDD9612407CCA600B181FE;
					};
					FCEDD98B2407CE6600B181FE = {
						CreatedOnToolsVersion = 10.3;
						LastSwiftMigration = 1030;
					};
					FCEDD9932407CE6600B181FE = {
						CreatedOnToolsVersion = 10.3;
						TestTargetID = FCEDD9612407CCA600B181FE;
					};
				};
			};
			buildConfigurationList = FCEDD95D2407CCA600B181FE /* Build configuration list for PBXProject "HornetAssessment" */;
			compatibilityVersion = "Xcode 9.3";
			developmentRegion = en;
			hasScannedForEncodings = 0;
			knownRegions = (
				en,
				Base,
			);
			mainGroup = FCEDD9592407CCA600B181FE;
			productRefGroup = FCEDD9632407CCA600B181FE /* Products */;
			projectDirPath = "";
			projectRoot = "";
			targets = (
				FCEDD9612407CCA600B181FE /* HornetAssessment */,
				FCEDD9752407CCA700B181FE /* HornetAssessmentTests */,
				FCEDD98B2407CE6600B181FE /* ComponentKit */,
				FCEDD9932407CE6600B181FE /* ComponentKitTests */,
			);
		};
/* End PBXProject section */

/* Begin PBXResourcesBuildPhase section */
		FCEDD9602407CCA600B181FE /* Resources */ = {
			isa = PBXResourcesBuildPhase;
			buildActionMask = 2147483647;
			files = (
				FCEDD9702407CCA700B181FE /* LaunchScreen.storyboard in Resources */,
				FCEDD96D2407CCA700B181FE /* Assets.xcassets in Resources */,
				FCEDD9862407CDF800B181FE /* README.md in Resources */,
			);
			runOnlyForDeploymentPostprocessing = 0;
		};
		FCEDD9742407CCA700B181FE /* Resources */ = {
			isa = PBXResourcesBuildPhase;
			buildActionMask = 2147483647;
			files = (
			);
			runOnlyForDeploymentPostprocessing = 0;
		};
		FCEDD98A2407CE6600B181FE /* Resources */ = {
			isa = PBXResourcesBuildPhase;
			buildActionMask = 2147483647;
			files = (
			);
			runOnlyForDeploymentPostprocessing = 0;
		};
		FCEDD9922407CE6600B181FE /* Resources */ = {
			isa = PBXResourcesBuildPhase;
			buildActionMask = 2147483647;
			files = (
			);
			runOnlyForDeploymentPostprocessing = 0;
		};
/* End PBXResourcesBuildPhase section */

/* Begin PBXSourcesBuildPhase section */
		FCEDD95E2407CCA600B181FE /* Sources */ = {
			isa = PBXSourcesBuildPhase;
			buildActionMask = 2147483647;
			files = (
				FCEDD9682407CCA600B181FE /* ScrollableStackViewTestViewController.swift in Sources */,
				FCEDD9B12407D46600B181FE /* TestScrollableStackViewController.swift in Sources */,
				FCEDD9662407CCA600B181FE /* AppDelegate.swift in Sources */,
				FCEDD9B52407DFEA00B181FE /* TestBrowserViewController.swift in Sources */,
			);
			runOnlyForDeploymentPostprocessing = 0;
		};
		FCEDD9722407CCA700B181FE /* Sources */ = {
			isa = PBXSourcesBuildPhase;
			buildActionMask = 2147483647;
			files = (
				FCEDD97B2407CCA700B181FE /* HornetAssessmentTests.swift in Sources */,
			);
			runOnlyForDeploymentPostprocessing = 0;
		};
		FCEDD9882407CE6600B181FE /* Sources */ = {
			isa = PBXSourcesBuildPhase;
			buildActionMask = 2147483647;
			files = (
				FCEDD9B32407D69A00B181FE /* BrowserViewController.swift in Sources */,
				FCEDD9AB2407CE7500B181FE /* ScrollableStackView.swift in Sources */,
				FCEDD9AF2407D38B00B181FE /* ScrollableStackViewController.swift in Sources */,
			);
			runOnlyForDeploymentPostprocessing = 0;
		};
		FCEDD9902407CE6600B181FE /* Sources */ = {
			isa = PBXSourcesBuildPhase;
			buildActionMask = 2147483647;
			files = (
				FCEDD99C2407CE6600B181FE /* ComponentKitTests.swift in Sources */,
			);
			runOnlyForDeploymentPostprocessing = 0;
		};
/* End PBXSourcesBuildPhase section */

/* Begin PBXTargetDependency section */
		FCEDD9782407CCA700B181FE /* PBXTargetDependency */ = {
			isa = PBXTargetDependency;
			target = FCEDD9612407CCA600B181FE /* HornetAssessment */;
			targetProxy = FCEDD9772407CCA700B181FE /* PBXContainerItemProxy */;
		};
		FCEDD9972407CE6600B181FE /* PBXTargetDependency */ = {
			isa = PBXTargetDependency;
			target = FCEDD98B2407CE6600B181FE /* ComponentKit */;
			targetProxy = FCEDD9962407CE6600B181FE /* PBXContainerItemProxy */;
		};
		FCEDD9992407CE6600B181FE /* PBXTargetDependency */ = {
			isa = PBXTargetDependency;
			target = FCEDD9612407CCA600B181FE /* HornetAssessment */;
			targetProxy = FCEDD9982407CE6600B181FE /* PBXContainerItemProxy */;
		};
		FCEDD9A02407CE6600B181FE /* PBXTargetDependency */ = {
			isa = PBXTargetDependency;
			target = FCEDD98B2407CE6600B181FE /* ComponentKit */;
			targetProxy = FCEDD99F2407CE6600B181FE /* PBXContainerItemProxy */;
		};
/* End PBXTargetDependency section */

/* Begin PBXVariantGroup section */
		FCEDD96E2407CCA700B181FE /* LaunchScreen.storyboard */ = {
			isa = PBXVariantGroup;
			children = (
				FCEDD96F2407CCA700B181FE /* Base */,
			);
			name = LaunchScreen.storyboard;
			sourceTree = "<group>";
		};
/* End PBXVariantGroup section */

/* Begin XCBuildConfiguration section */
		FCEDD97D2407CCA700B181FE /* Debug */ = {
			isa = XCBuildConfiguration;
			buildSettings = {
				ALWAYS_SEARCH_USER_PATHS = NO;
				CLANG_ANALYZER_NONNULL = YES;
				CLANG_ANALYZER_NUMBER_OBJECT_CONVERSION = YES_AGGRESSIVE;
				CLANG_CXX_LANGUAGE_STANDARD = "gnu++14";
				CLANG_CXX_LIBRARY = "libc++";
				CLANG_ENABLE_MODULES = YES;
				CLANG_ENABLE_OBJC_ARC = YES;
				CLANG_ENABLE_OBJC_WEAK = YES;
				CLANG_WARN_BLOCK_CAPTURE_AUTORELEASING = YES;
				CLANG_WARN_BOOL_CONVERSION = YES;
				CLANG_WARN_COMMA = YES;
				CLANG_WARN_CONSTANT_CONVERSION = YES;
				CLANG_WARN_DEPRECATED_OBJC_IMPLEMENTATIONS = YES;
				CLANG_WARN_DIRECT_OBJC_ISA_USAGE = YES_ERROR;
				CLANG_WARN_DOCUMENTATION_COMMENTS = YES;
				CLANG_WARN_EMPTY_BODY = YES;
				CLANG_WARN_ENUM_CONVERSION = YES;
				CLANG_WARN_INFINITE_RECURSION = YES;
				CLANG_WARN_INT_CONVERSION = YES;
				CLANG_WARN_NON_LITERAL_NULL_CONVERSION = YES;
				CLANG_WARN_OBJC_IMPLICIT_RETAIN_SELF = YES;
				CLANG_WARN_OBJC_LITERAL_CONVERSION = YES;
				CLANG_WARN_OBJC_ROOT_CLASS = YES_ERROR;
				CLANG_WARN_RANGE_LOOP_ANALYSIS = YES;
				CLANG_WARN_STRICT_PROTOTYPES = YES;
				CLANG_WARN_SUSPICIOUS_MOVE = YES;
				CLANG_WARN_UNGUARDED_AVAILABILITY = YES_AGGRESSIVE;
				CLANG_WARN_UNREACHABLE_CODE = YES;
				CLANG_WARN__DUPLICATE_METHOD_MATCH = YES;
				CODE_SIGN_IDENTITY = "iPhone Developer";
				COPY_PHASE_STRIP = NO;
				DEBUG_INFORMATION_FORMAT = dwarf;
				ENABLE_STRICT_OBJC_MSGSEND = YES;
				ENABLE_TESTABILITY = YES;
				GCC_C_LANGUAGE_STANDARD = gnu11;
				GCC_DYNAMIC_NO_PIC = NO;
				GCC_NO_COMMON_BLOCKS = YES;
				GCC_OPTIMIZATION_LEVEL = 0;
				GCC_PREPROCESSOR_DEFINITIONS = (
					"DEBUG=1",
					"$(inherited)",
				);
				GCC_WARN_64_TO_32_BIT_CONVERSION = YES;
				GCC_WARN_ABOUT_RETURN_TYPE = YES_ERROR;
				GCC_WARN_UNDECLARED_SELECTOR = YES;
				GCC_WARN_UNINITIALIZED_AUTOS = YES_AGGRESSIVE;
				GCC_WARN_UNUSED_FUNCTION = YES;
				GCC_WARN_UNUSED_VARIABLE = YES;
				IPHONEOS_DEPLOYMENT_TARGET = 12.4;
				MTL_ENABLE_DEBUG_INFO = INCLUDE_SOURCE;
				MTL_FAST_MATH = YES;
				ONLY_ACTIVE_ARCH = YES;
				SDKROOT = iphoneos;
				SWIFT_ACTIVE_COMPILATION_CONDITIONS = DEBUG;
				SWIFT_OPTIMIZATION_LEVEL = "-Onone";
			};
			name = Debug;
		};
		FCEDD97E2407CCA700B181FE /* Release */ = {
			isa = XCBuildConfiguration;
			buildSettings = {
				ALWAYS_SEARCH_USER_PATHS = NO;
				CLANG_ANALYZER_NONNULL = YES;
				CLANG_ANALYZER_NUMBER_OBJECT_CONVERSION = YES_AGGRESSIVE;
				CLANG_CXX_LANGUAGE_STANDARD = "gnu++14";
				CLANG_CXX_LIBRARY = "libc++";
				CLANG_ENABLE_MODULES = YES;
				CLANG_ENABLE_OBJC_ARC = YES;
				CLANG_ENABLE_OBJC_WEAK = YES;
				CLANG_WARN_BLOCK_CAPTURE_AUTORELEASING = YES;
				CLANG_WARN_BOOL_CONVERSION = YES;
				CLANG_WARN_COMMA = YES;
				CLANG_WARN_CONSTANT_CONVERSION = YES;
				CLANG_WARN_DEPRECATED_OBJC_IMPLEMENTATIONS = YES;
				CLANG_WARN_DIRECT_OBJC_ISA_USAGE = YES_ERROR;
				CLANG_WARN_DOCUMENTATION_COMMENTS = YES;
				CLANG_WARN_EMPTY_BODY = YES;
				CLANG_WARN_ENUM_CONVERSION = YES;
				CLANG_WARN_INFINITE_RECURSION = YES;
				CLANG_WARN_INT_CONVERSION = YES;
				CLANG_WARN_NON_LITERAL_NULL_CONVERSION = YES;
				CLANG_WARN_OBJC_IMPLICIT_RETAIN_SELF = YES;
				CLANG_WARN_OBJC_LITERAL_CONVERSION = YES;
				CLANG_WARN_OBJC_ROOT_CLASS = YES_ERROR;
				CLANG_WARN_RANGE_LOOP_ANALYSIS = YES;
				CLANG_WARN_STRICT_PROTOTYPES = YES;
				CLANG_WARN_SUSPICIOUS_MOVE = YES;
				CLANG_WARN_UNGUARDED_AVAILABILITY = YES_AGGRESSIVE;
				CLANG_WARN_UNREACHABLE_CODE = YES;
				CLANG_WARN__DUPLICATE_METHOD_MATCH = YES;
				CODE_SIGN_IDENTITY = "iPhone Developer";
				COPY_PHASE_STRIP = NO;
				DEBUG_INFORMATION_FORMAT = "dwarf-with-dsym";
				ENABLE_NS_ASSERTIONS = NO;
				ENABLE_STRICT_OBJC_MSGSEND = YES;
				GCC_C_LANGUAGE_STANDARD = gnu11;
				GCC_NO_COMMON_BLOCKS = YES;
				GCC_WARN_64_TO_32_BIT_CONVERSION = YES;
				GCC_WARN_ABOUT_RETURN_TYPE = YES_ERROR;
				GCC_WARN_UNDECLARED_SELECTOR = YES;
				GCC_WARN_UNINITIALIZED_AUTOS = YES_AGGRESSIVE;
				GCC_WARN_UNUSED_FUNCTION = YES;
				GCC_WARN_UNUSED_VARIABLE = YES;
				IPHONEOS_DEPLOYMENT_TARGET = 12.4;
				MTL_ENABLE_DEBUG_INFO = NO;
				MTL_FAST_MATH = YES;
				SDKROOT = iphoneos;
				SWIFT_COMPILATION_MODE = wholemodule;
				SWIFT_OPTIMIZATION_LEVEL = "-O";
				VALIDATE_PRODUCT = YES;
			};
			name = Release;
		};
		FCEDD9802407CCA700B181FE /* Debug */ = {
			isa = XCBuildConfiguration;
			buildSettings = {
				ALWAYS_EMBED_SWIFT_STANDARD_LIBRARIES = YES;
				ASSETCATALOG_COMPILER_APPICON_NAME = AppIcon;
				CODE_SIGN_STYLE = Automatic;
				DEVELOPMENT_TEAM = DBK476475Y;
				INFOPLIST_FILE = HornetAssessment/Info.plist;
				LD_RUNPATH_SEARCH_PATHS = (
					"$(inherited)",
					"@executable_path/Frameworks",
				);
				PRODUCT_BUNDLE_IDENTIFIER = com.hornet.HornetAssessment;
				PRODUCT_NAME = "$(TARGET_NAME)";
				SWIFT_VERSION = 5.0;
				TARGETED_DEVICE_FAMILY = "1,2";
			};
			name = Debug;
		};
		FCEDD9812407CCA700B181FE /* Release */ = {
			isa = XCBuildConfiguration;
			buildSettings = {
				ALWAYS_EMBED_SWIFT_STANDARD_LIBRARIES = YES;
				ASSETCATALOG_COMPILER_APPICON_NAME = AppIcon;
				CODE_SIGN_STYLE = Automatic;
				DEVELOPMENT_TEAM = DBK476475Y;
				INFOPLIST_FILE = HornetAssessment/Info.plist;
				LD_RUNPATH_SEARCH_PATHS = (
					"$(inherited)",
					"@executable_path/Frameworks",
				);
				PRODUCT_BUNDLE_IDENTIFIER = com.hornet.HornetAssessment;
				PRODUCT_NAME = "$(TARGET_NAME)";
				SWIFT_VERSION = 5.0;
				TARGETED_DEVICE_FAMILY = "1,2";
			};
			name = Release;
		};
		FCEDD9832407CCA700B181FE /* Debug */ = {
			isa = XCBuildConfiguration;
			buildSettings = {
				ALWAYS_EMBED_SWIFT_STANDARD_LIBRARIES = YES;
				BUNDLE_LOADER = "$(TEST_HOST)";
				CODE_SIGN_STYLE = Automatic;
				DEVELOPMENT_TEAM = DBK476475Y;
				INFOPLIST_FILE = HornetAssessmentTests/Info.plist;
				LD_RUNPATH_SEARCH_PATHS = (
					"$(inherited)",
					"@executable_path/Frameworks",
					"@loader_path/Frameworks",
				);
				PRODUCT_BUNDLE_IDENTIFIER = com.hornet.HornetAssessmentTests;
				PRODUCT_NAME = "$(TARGET_NAME)";
				SWIFT_VERSION = 5.0;
				TARGETED_DEVICE_FAMILY = "1,2";
				TEST_HOST = "$(BUILT_PRODUCTS_DIR)/HornetAssessment.app/HornetAssessment";
			};
			name = Debug;
		};
		FCEDD9842407CCA700B181FE /* Release */ = {
			isa = XCBuildConfiguration;
			buildSettings = {
				ALWAYS_EMBED_SWIFT_STANDARD_LIBRARIES = YES;
				BUNDLE_LOADER = "$(TEST_HOST)";
				CODE_SIGN_STYLE = Automatic;
				DEVELOPMENT_TEAM = DBK476475Y;
				INFOPLIST_FILE = HornetAssessmentTests/Info.plist;
				LD_RUNPATH_SEARCH_PATHS = (
					"$(inherited)",
					"@executable_path/Frameworks",
					"@loader_path/Frameworks",
				);
				PRODUCT_BUNDLE_IDENTIFIER = com.hornet.HornetAssessmentTests;
				PRODUCT_NAME = "$(TARGET_NAME)";
				SWIFT_VERSION = 5.0;
				TARGETED_DEVICE_FAMILY = "1,2";
				TEST_HOST = "$(BUILT_PRODUCTS_DIR)/HornetAssessment.app/HornetAssessment";
			};
			name = Release;
		};
		FCEDD9A42407CE6600B181FE /* Debug */ = {
			isa = XCBuildConfiguration;
			buildSettings = {
				CLANG_ENABLE_MODULES = YES;
				CODE_SIGN_IDENTITY = "";
				CODE_SIGN_STYLE = Automatic;
				CURRENT_PROJECT_VERSION = 1;
				DEFINES_MODULE = YES;
				DEVELOPMENT_TEAM = DBK476475Y;
				DYLIB_COMPATIBILITY_VERSION = 1;
				DYLIB_CURRENT_VERSION = 1;
				DYLIB_INSTALL_NAME_BASE = "@rpath";
				INFOPLIST_FILE = ComponentKit/Info.plist;
				INSTALL_PATH = "$(LOCAL_LIBRARY_DIR)/Frameworks";
				LD_RUNPATH_SEARCH_PATHS = (
					"$(inherited)",
					"@executable_path/Frameworks",
					"@loader_path/Frameworks",
				);
				PRODUCT_BUNDLE_IDENTIFIER = com.hornet.ComponentKit;
				PRODUCT_NAME = "$(TARGET_NAME:c99extidentifier)";
				SKIP_INSTALL = YES;
				SWIFT_OPTIMIZATION_LEVEL = "-Onone";
				SWIFT_VERSION = 5.0;
				TARGETED_DEVICE_FAMILY = "1,2";
				VERSIONING_SYSTEM = "apple-generic";
				VERSION_INFO_PREFIX = "";
			};
			name = Debug;
		};
		FCEDD9A52407CE6600B181FE /* Release */ = {
			isa = XCBuildConfiguration;
			buildSettings = {
				CLANG_ENABLE_MODULES = YES;
				CODE_SIGN_IDENTITY = "";
				CODE_SIGN_STYLE = Automatic;
				CURRENT_PROJECT_VERSION = 1;
				DEFINES_MODULE = YES;
				DEVELOPMENT_TEAM = DBK476475Y;
				DYLIB_COMPATIBILITY_VERSION = 1;
				DYLIB_CURRENT_VERSION = 1;
				DYLIB_INSTALL_NAME_BASE = "@rpath";
				INFOPLIST_FILE = ComponentKit/Info.plist;
				INSTALL_PATH = "$(LOCAL_LIBRARY_DIR)/Frameworks";
				LD_RUNPATH_SEARCH_PATHS = (
					"$(inherited)",
					"@executable_path/Frameworks",
					"@loader_path/Frameworks",
				);
				PRODUCT_BUNDLE_IDENTIFIER = com.hornet.ComponentKit;
				PRODUCT_NAME = "$(TARGET_NAME:c99extidentifier)";
				SKIP_INSTALL = YES;
				SWIFT_VERSION = 5.0;
				TARGETED_DEVICE_FAMILY = "1,2";
				VERSIONING_SYSTEM = "apple-generic";
				VERSION_INFO_PREFIX = "";
			};
			name = Release;
		};
		FCEDD9A82407CE6600B181FE /* Debug */ = {
			isa = XCBuildConfiguration;
			buildSettings = {
				ALWAYS_EMBED_SWIFT_STANDARD_LIBRARIES = YES;
				CODE_SIGN_STYLE = Automatic;
				DEVELOPMENT_TEAM = DBK476475Y;
				INFOPLIST_FILE = ComponentKitTests/Info.plist;
				LD_RUNPATH_SEARCH_PATHS = (
					"$(inherited)",
					"@executable_path/Frameworks",
					"@loader_path/Frameworks",
				);
				PRODUCT_BUNDLE_IDENTIFIER = com.hornet.ComponentKitTests;
				PRODUCT_NAME = "$(TARGET_NAME)";
				SWIFT_VERSION = 5.0;
				TARGETED_DEVICE_FAMILY = "1,2";
				TEST_HOST = "$(BUILT_PRODUCTS_DIR)/HornetAssessment.app/HornetAssessment";
			};
			name = Debug;
		};
		FCEDD9A92407CE6600B181FE /* Release */ = {
			isa = XCBuildConfiguration;
			buildSettings = {
				ALWAYS_EMBED_SWIFT_STANDARD_LIBRARIES = YES;
				CODE_SIGN_STYLE = Automatic;
				DEVELOPMENT_TEAM = DBK476475Y;
				INFOPLIST_FILE = ComponentKitTests/Info.plist;
				LD_RUNPATH_SEARCH_PATHS = (
					"$(inherited)",
					"@executable_path/Frameworks",
					"@loader_path/Frameworks",
				);
				PRODUCT_BUNDLE_IDENTIFIER = com.hornet.ComponentKitTests;
				PRODUCT_NAME = "$(TARGET_NAME)";
				SWIFT_VERSION = 5.0;
				TARGETED_DEVICE_FAMILY = "1,2";
				TEST_HOST = "$(BUILT_PRODUCTS_DIR)/HornetAssessment.app/HornetAssessment";
			};
			name = Release;
		};
/* End XCBuildConfiguration section */

/* Begin XCConfigurationList section */
		FCEDD95D2407CCA600B181FE /* Build configuration list for PBXProject "HornetAssessment" */ = {
			isa = XCConfigurationList;
			buildConfigurations = (
				FCEDD97D2407CCA700B181FE /* Debug */,
				FCEDD97E2407CCA700B181FE /* Release */,
			);
			defaultConfigurationIsVisible = 0;
			defaultConfigurationName = Release;
		};
		FCEDD97F2407CCA700B181FE /* Build configuration list for PBXNativeTarget "HornetAssessment" */ = {
			isa = XCConfigurationList;
			buildConfigurations = (
				FCEDD9802407CCA700B181FE /* Debug */,
				FCEDD9812407CCA700B181FE /* Release */,
			);
			defaultConfigurationIsVisible = 0;
			defaultConfigurationName = Release;
		};
		FCEDD9822407CCA700B181FE /* Build configuration list for PBXNativeTarget "HornetAssessmentTests" */ = {
			isa = XCConfigurationList;
			buildConfigurations = (
				FCEDD9832407CCA700B181FE /* Debug */,
				FCEDD9842407CCA700B181FE /* Release */,
			);
			defaultConfigurationIsVisible = 0;
			defaultConfigurationName = Release;
		};
		FCEDD9A32407CE6600B181FE /* Build configuration list for PBXNativeTarget "ComponentKit" */ = {
			isa = XCConfigurationList;
			buildConfigurations = (
				FCEDD9A42407CE6600B181FE /* Debug */,
				FCEDD9A52407CE6600B181FE /* Release */,
			);
			defaultConfigurationIsVisible = 0;
			defaultConfigurationName = Release;
		};
		FCEDD9A72407CE6600B181FE /* Build configuration list for PBXNativeTarget "ComponentKitTests" */ = {
			isa = XCConfigurationList;
			buildConfigurations = (
				FCEDD9A82407CE6600B181FE /* Debug */,
				FCEDD9A92407CE6600B181FE /* Release */,
			);
			defaultConfigurationIsVisible = 0;
			defaultConfigurationName = Release;
		};
/* End XCConfigurationList section */
	};
	rootObject = FCEDD95A2407CCA600B181FE /* Project object */;
}
